
Microsoft Visual Studio Solution File, Format Version 12.00
# Visual Studio 15
VisualStudioVersion = 15.0.28307.1525
MinimumVisualStudioVersion = 10.0.40219.1
Project("{FAE04EC0-301F-11D3-BF4B-00C04F79EFBC}") = "APIUsers", "APIUsers\APIUsers.csproj", "{CEE15D2E-1233-4A1E-B029-4C23B9255892}"
EndProject
Global
	GlobalSection(SolutionConfigurationPlatforms) = preSolution
		Debug|Any CPU = Debug|Any CPU
		Release|Any CPU = Release|Any CPU
	EndGlobalSection
	GlobalSection(ProjectConfigurationPlatforms) = postSolution
		{CEE15D2E-1233-4A1E-B029-4C23B9255892}.Debug|Any CPU.ActiveCfg = Debug|Any CPU
		{CEE15D2E-1233-4A1E-B029-4C23B9255892}.Debug|Any CPU.Build.0 = Debug|Any CPU
		{CEE15D2E-1233-4A1E-B029-4C23B9255892}.Release|Any CPU.ActiveCfg = Release|Any CPU
		{CEE15D2E-1233-4A1E-B029-4C23B9255892}.Release|Any CPU.Build.0 = Release|Any CPU
	EndGlobalSection
	GlobalSection(SolutionProperties) = preSolution
		HideSolutionNode = FALSE
	EndGlobalSection
	GlobalSection(ExtensibilityGlobals) = postSolution
		SolutionGuid = {3B8E485E-9ADD-4B70-9FCB-BE177E439A35}
	EndGlobalSection
EndGlobal
